<?xml version="1.0" encoding="utf-8"?>
<Project ToolsVersion="4.0" xmlns="http://schemas.microsoft.com/developer/msbuild/2003">
  <ItemGroup>
    <Filter Include="Source Files">
      <UniqueIdentifier>{4FC737F1-C7A5-4376-A066-2A32D752A2FF}</UniqueIdentifier>
      <Extensions>cpp;c;cc;cxx;def;odl;idl;hpj;bat;asm;asmx</Extensions>
    </Filter>
    <Filter Include="Resource Files">
      <UniqueIdentifier>{D9D6E242-F8AF-46E4-B9FD-80ECBC20BA3E}</UniqueIdentifier>
      <Extensions>qrc;*</Extensions>
      <ParseFiles>false</ParseFiles>
    </Filter>
    <Filter Include="Resource Files">
      <UniqueIdentifier>{D9D6E242-F8AF-46E4-B9FD-80ECBC20BA3E}</UniqueIdentifier>
      <Extensions>qrc;*</Extensions>
      <ParseFiles>false</ParseFiles>
    </Filter>
    <Filter Include="Source Files\Shared">
      <UniqueIdentifier>{f2c1f007-8642-488c-b0c6-22502be9a1c4}</UniqueIdentifier>
    </Filter>
    <Filter Include="Source Files\Shared\QtService">
      <UniqueIdentifier>{a4b46907-1b77-4132-b3ec-32115242b68d}</UniqueIdentifier>
    </Filter>
  </ItemGroup>
  <ItemGroup>
    <ClCompile Include="QuickCutService.cpp">
      <Filter>Source Files</Filter>
    </ClCompile>
    <ClCompile Include="main.cpp" />
    <ClCompile Include="..\QuickCutShared\Action.cpp">
      <Filter>Source Files\Shared</Filter>
    </ClCompile>
    <ClCompile Include="..\QuickCutShared\Profile.cpp">
      <Filter>Source Files\Shared</Filter>
    </ClCompile>
    <ClCompile Include="QuickCutServiceWindows.cpp">
      <Filter>Source Files</Filter>
    </ClCompile>
    <ClCompile Include="QuickCutServiceUnix.cpp">
      <Filter>Source Files</Filter>
    </ClCompile>
  </ItemGroup>
  <ItemGroup>
    <ClInclude Include="QuickCutService.h">
      <Filter>Source Files</Filter>
    </ClInclude>
    <ClInclude Include="..\QuickCutShared\Action.h">
      <Filter>Source Files\Shared</Filter>
    </ClInclude>
    <ClInclude Include="..\QuickCutShared\pch.h">
      <Filter>Source Files\Shared</Filter>
    </ClInclude>
    <ClInclude Include="..\QuickCutShared\Profile.h">
      <Filter>Source Files\Shared</Filter>
    </ClInclude>
    <ClInclude Include="QuickCutServiceWindows.h">
      <Filter>Source Files</Filter>
    </ClInclude>
    <ClInclude Include="QuickCutServiceUnix.h">
      <Filter>Source Files</Filter>
    </ClInclude>
    <ClInclude Include="..\QuickCutShared\QtService\qtservice.h">
      <Filter>Source Files\Shared\QtService</Filter>
    </ClInclude>
    <ClInclude Include="..\QuickCutShared\QtService\qtservice_p.h">
      <Filter>Source Files\Shared\QtService</Filter>
    </ClInclude>
  </ItemGroup>
  <ItemGroup>
    <QtMoc Include="..\QuickCutShared\QtService\qtservice.cpp">
      <Filter>Source Files</Filter>
    </QtMoc>
    <QtMoc Include="..\QuickCutShared\QtService\qtservice_win.cpp">
      <Filter>Source Files</Filter>
    </QtMoc>
  </ItemGroup>
</Project>