<?xml version="1.0" encoding="utf-8"?>
<Project ToolsVersion="4.0" xmlns="http://schemas.microsoft.com/developer/msbuild/2003">
  <ItemGroup>
    <Filter Include="Source Files">
      <UniqueIdentifier>{4FC737F1-C7A5-4376-A066-2A32D752A2FF}</UniqueIdentifier>
      <Extensions>cpp;c;cc;cxx;def;odl;idl;hpj;bat;asm;asmx</Extensions>
    </Filter>
    <Filter Include="Resource Files">
      <UniqueIdentifier>{D9D6E242-F8AF-46E4-B9FD-80ECBC20BA3E}</UniqueIdentifier>
      <Extensions>qrc;*</Extensions>
      <ParseFiles>false</ParseFiles>
    </Filter>
    <Filter Include="Resource Files">
      <UniqueIdentifier>{D9D6E242-F8AF-46E4-B9FD-80ECBC20BA3E}</UniqueIdentifier>
      <Extensions>qrc;*</Extensions>
      <ParseFiles>false</ParseFiles>
    </Filter>
    <Filter Include="Resource Files\Form Files">
      <UniqueIdentifier>{99349809-55BA-4b9d-BF79-8FDBB0286EB3}</UniqueIdentifier>
      <Extensions>ui</Extensions>
    </Filter>
    <Filter Include="Source Files\Widgets">
      <UniqueIdentifier>{2a4189da-2ece-42ba-8e03-b1d8a6f263c4}</UniqueIdentifier>
    </Filter>
    <Filter Include="Source Files\Windows">
      <UniqueIdentifier>{80c4178e-2351-45d0-8f90-989ac359865e}</UniqueIdentifier>
    </Filter>
    <Filter Include="Resource Files\Themes">
      <UniqueIdentifier>{53dc6066-eb3c-4322-96ec-0aca7ea14107}</UniqueIdentifier>
    </Filter>
    <Filter Include="Resource Files\Themes\Dark">
      <UniqueIdentifier>{ecfa802f-1d58-4a93-becc-e4ec270eb0f5}</UniqueIdentifier>
    </Filter>
    <Filter Include="Resource Files\Themes\Breeze">
      <UniqueIdentifier>{fe2dcfee-f9b3-4235-8061-e6ffb1101abb}</UniqueIdentifier>
    </Filter>
    <Filter Include="Resource Files\Themes\Misc">
      <UniqueIdentifier>{07788dd5-09af-4d85-bdd6-6d8081874c7b}</UniqueIdentifier>
    </Filter>
    <Filter Include="Source Files\Shared">
      <UniqueIdentifier>{6a78aaec-05d5-4802-a480-b54fa29d4754}</UniqueIdentifier>
    </Filter>
    <Filter Include="Source Files\Models">
      <UniqueIdentifier>{e0269331-a5e5-466a-81a2-0fe92d77afd2}</UniqueIdentifier>
    </Filter>
    <Filter Include="Source Files\Shared\QtService">
      <UniqueIdentifier>{fa024f4c-4d40-4adb-85b8-4ba6d64943a6}</UniqueIdentifier>
    </Filter>
  </ItemGroup>
  <ItemGroup>
    <ClCompile Include="main.cpp" />
    <ClCompile Include="QShortcutInput.cpp">
      <Filter>Source Files\Widgets</Filter>
    </ClCompile>
    <ClCompile Include="ActionEditWindow.cpp">
      <Filter>Source Files\Windows</Filter>
    </ClCompile>
    <ClCompile Include="AboutWindow.cpp">
      <Filter>Source Files\Windows</Filter>
    </ClCompile>
    <ClCompile Include="CheckUpdatesWindow.cpp">
      <Filter>Source Files\Windows</Filter>
    </ClCompile>
    <ClCompile Include="ExamplesWindow.cpp">
      <Filter>Source Files\Windows</Filter>
    </ClCompile>
    <ClCompile Include="MainWindow.cpp">
      <Filter>Source Files\Windows</Filter>
    </ClCompile>
    <ClCompile Include="..\QuickCutShared\Action.cpp">
      <Filter>Source Files\Shared</Filter>
    </ClCompile>
    <ClCompile Include="..\QuickCutShared\Profile.cpp">
      <Filter>Source Files\Shared</Filter>
    </ClCompile>
    <ClCompile Include="..\QuickCutShared\QSingleApplication\QSingleInstance.cpp">
      <Filter>Source Files\Shared</Filter>
    </ClCompile>
    <ClCompile Include="Preferences.cpp">
      <Filter>Source Files\Models</Filter>
    </ClCompile>
  </ItemGroup>
  <ItemGroup>
    <QtUic Include="MainWindow.ui">
      <Filter>Resource Files\Form Files</Filter>
    </QtUic>
    <QtUic Include="ActionEditWindow.ui">
      <Filter>Resource Files\Form Files</Filter>
    </QtUic>
    <QtUic Include="AboutWindow.ui">
      <Filter>Resource Files\Form Files</Filter>
    </QtUic>
    <QtUic Include="CheckUpdatesWindow.ui">
      <Filter>Resource Files\Form Files</Filter>
    </QtUic>
    <QtUic Include="ExamplesWindow.ui">
      <Filter>Resource Files\Form Files</Filter>
    </QtUic>
  </ItemGroup>
  <ItemGroup>
    <QtRcc Include="Styles\stylesheet.qrc">
      <Filter>Resource Files\Themes</Filter>
    </QtRcc>
    <QtRcc Include="MainWindow.qrc">
      <Filter>Resource Files</Filter>
    </QtRcc>
  </ItemGroup>
  <ItemGroup>
    <QtMoc Include="QShortcutInput.h">
      <Filter>Source Files\Widgets</Filter>
    </QtMoc>
    <QtMoc Include="ActionEditWindow.h">
      <Filter>Source Files\Windows</Filter>
    </QtMoc>
    <QtMoc Include="AboutWindow.h">
      <Filter>Source Files\Windows</Filter>
    </QtMoc>
    <QtMoc Include="CheckUpdatesWindow.h">
      <Filter>Source Files\Windows</Filter>
    </QtMoc>
    <QtMoc Include="ExamplesWindow.h">
      <Filter>Source Files\Windows</Filter>
    </QtMoc>
    <QtMoc Include="MainWindow.h">
      <Filter>Source Files\Windows</Filter>
    </QtMoc>
    <QtMoc Include="..\QuickCutShared\QtService\qtservice.cpp">
      <Filter>Source Files</Filter>
    </QtMoc>
    <QtMoc Include="..\QuickCutShared\QtService\qtservice_win.cpp">
      <Filter>Source Files</Filter>
    </QtMoc>
  </ItemGroup>
  <ItemGroup>
    <None Include="Styles\theme_dark.qss">
      <Filter>Resource Files\Themes\Dark</Filter>
    </None>
    <None Include="Styles\theme_breezeDark.qss">
      <Filter>Resource Files\Themes\Breeze</Filter>
    </None>
    <None Include="Styles\theme_breezeLight.qss">
      <Filter>Resource Files\Themes\Breeze</Filter>
    </None>
    <None Include="Styles\theme_amoled.qss">
      <Filter>Resource Files\Themes\Misc</Filter>
    </None>
    <None Include="Styles\theme_aqua.qss">
      <Filter>Resource Files\Themes\Misc</Filter>
    </None>
    <None Include="Styles\theme_console.qss">
      <Filter>Resource Files\Themes\Misc</Filter>
    </None>
    <None Include="Styles\theme_elegantDark.qss">
      <Filter>Resource Files\Themes\Misc</Filter>
    </None>
    <None Include="Styles\theme_materialDark.qss">
      <Filter>Resource Files\Themes\Misc</Filter>
    </None>
    <None Include="Styles\theme_ubuntu.qss">
      <Filter>Resource Files\Themes\Misc</Filter>
    </None>
  </ItemGroup>
  <ItemGroup>
    <ClInclude Include="..\QuickCutShared\Action.h">
      <Filter>Source Files\Shared</Filter>
    </ClInclude>
    <ClInclude Include="..\QuickCutShared\pch.h">
      <Filter>Source Files\Shared</Filter>
    </ClInclude>
    <ClInclude Include="..\QuickCutShared\Profile.h">
      <Filter>Source Files\Shared</Filter>
    </ClInclude>
    <ClInclude Include="..\QuickCutShared\QSingleApplication\QSingleInstance.h">
      <Filter>Source Files\Shared</Filter>
    </ClInclude>
    <ClInclude Include="Preferences.h">
      <Filter>Source Files\Models</Filter>
    </ClInclude>
    <ClInclude Include="..\QuickCutShared\QtService\qtservice.h">
      <Filter>Source Files\Shared\QtService</Filter>
    </ClInclude>
    <ClInclude Include="..\QuickCutShared\QtService\qtservice_p.h">
      <Filter>Source Files\Shared\QtService</Filter>
    </ClInclude>
  </ItemGroup>
  <ItemGroup>
    <ResourceCompile Include="QuickCut.rc">
      <Filter>Resource Files</Filter>
    </ResourceCompile>
  </ItemGroup>
</Project>