<?xml version="1.0" encoding="utf-8"?>
<Project ToolsVersion="4.0" xmlns="http://schemas.microsoft.com/developer/msbuild/2003">
  <ItemGroup>
    <Filter Include="Source Files">
      <UniqueIdentifier>{4FC737F1-C7A5-4376-A066-2A32D752A2FF}</UniqueIdentifier>
      <Extensions>cpp;c;cc;cxx;def;odl;idl;hpj;bat;asm;asmx</Extensions>
    </Filter>
    <Filter Include="Resource Files">
      <UniqueIdentifier>{D9D6E242-F8AF-46E4-B9FD-80ECBC20BA3E}</UniqueIdentifier>
      <Extensions>qrc;*</Extensions>
      <ParseFiles>false</ParseFiles>
    </Filter>
    <Filter Include="Resource Files">
      <UniqueIdentifier>{D9D6E242-F8AF-46E4-B9FD-80ECBC20BA3E}</UniqueIdentifier>
      <Extensions>qrc;*</Extensions>
      <ParseFiles>false</ParseFiles>
    </Filter>
    <Filter Include="Source Files\Shared">
      <UniqueIdentifier>{2c3a65d4-0238-45b6-9986-dce6e3459f29}</UniqueIdentifier>
    </Filter>
  </ItemGroup>
  <ItemGroup>
    <ClCompile Include="QuickCutConsole.cpp">
      <Filter>Source Files</Filter>
    </ClCompile>
    <ClCompile Include="main.cpp" />
    <ClCompile Include="QuickCutConsoleWindows.cpp">
      <Filter>Source Files</Filter>
    </ClCompile>
    <ClCompile Include="QuickCutConsoleUnix.cpp">
      <Filter>Source Files</Filter>
    </ClCompile>
    <ClCompile Include="..\QuickCutShared\Action.cpp">
      <Filter>Source Files\Shared</Filter>
    </ClCompile>
    <ClCompile Include="..\QuickCutShared\Profile.cpp">
      <Filter>Source Files\Shared</Filter>
    </ClCompile>
    <ClCompile Include="..\QuickCutShared\QSingleApplication\QSingleInstance.cpp">
      <Filter>Source Files\Shared</Filter>
    </ClCompile>
  </ItemGroup>
  <ItemGroup>
    <ClInclude Include="QuickCutConsoleWindows.h">
      <Filter>Source Files</Filter>
    </ClInclude>
    <ClInclude Include="QuickCutConsoleUnix.h">
      <Filter>Source Files</Filter>
    </ClInclude>
    <ClInclude Include="..\QuickCutShared\Action.h">
      <Filter>Source Files\Shared</Filter>
    </ClInclude>
    <ClInclude Include="..\QuickCutShared\pch.h">
      <Filter>Source Files\Shared</Filter>
    </ClInclude>
    <ClInclude Include="..\QuickCutShared\Profile.h">
      <Filter>Source Files\Shared</Filter>
    </ClInclude>
    <ClInclude Include="..\QuickCutShared\QSingleApplication\QSingleInstance.h">
      <Filter>Source Files\Shared</Filter>
    </ClInclude>
    <ClInclude Include="QuickCutConsole.h" />
  </ItemGroup>
</Project>