
Microsoft Visual Studio Solution File, Format Version 12.00
# Visual Studio 15
VisualStudioVersion = 15.0.28307.572
MinimumVisualStudioVersion = 10.0.40219.1
Project("{8BC9CEB8-8B4A-11D0-8D11-00A0C91BC942}") = "QuickCut", "QuickCut\QuickCut.vcxproj", "{B12702AD-ABFB-343A-A199-8E24837244A3}"
EndProject
Project("{8BC9CEB8-8B4A-11D0-8D11-00A0C91BC942}") = "QuickCutService", "QuickCutService\QuickCutService.vcxproj", "{64C0215D-FA4A-4CFB-A36D-A65C0A041538}"
EndProject
Project("{8BC9CEB8-8B4A-11D0-8D11-00A0C91BC942}") = "QuickCutConsole", "QuickCutConsole\QuickCutConsole.vcxproj", "{B741AF33-8F2D-4FC3-A9BA-FB36FA4A98A1}"
EndProject
Global
	GlobalSection(SolutionConfigurationPlatforms) = preSolution
		Debug|x64 = Debug|x64
		Debug|x86 = Debug|x86
		Release|x64 = Release|x64
		Release|x86 = Release|x86
	EndGlobalSection
	GlobalSection(ProjectConfigurationPlatforms) = postSolution
		{B12702AD-ABFB-343A-A199-8E24837244A3}.Debug|x64.ActiveCfg = Debug|x64
		{B12702AD-ABFB-343A-A199-8E24837244A3}.Debug|x64.Build.0 = Debug|x64
		{B12702AD-ABFB-343A-A199-8E24837244A3}.Debug|x86.ActiveCfg = Debug|Win32
		{B12702AD-ABFB-343A-A199-8E24837244A3}.Debug|x86.Build.0 = Debug|Win32
		{B12702AD-ABFB-343A-A199-8E24837244A3}.Release|x64.ActiveCfg = Release|x64
		{B12702AD-ABFB-343A-A199-8E24837244A3}.Release|x64.Build.0 = Release|x64
		{B12702AD-ABFB-343A-A199-8E24837244A3}.Release|x86.ActiveCfg = Release|Win32
		{B12702AD-ABFB-343A-A199-8E24837244A3}.Release|x86.Build.0 = Release|Win32
		{64C0215D-FA4A-4CFB-A36D-A65C0A041538}.Debug|x64.ActiveCfg = Debug|x64
		{64C0215D-FA4A-4CFB-A36D-A65C0A041538}.Debug|x64.Build.0 = Debug|x64
		{64C0215D-FA4A-4CFB-A36D-A65C0A041538}.Debug|x86.ActiveCfg = Debug|Win32
		{64C0215D-FA4A-4CFB-A36D-A65C0A041538}.Debug|x86.Build.0 = Debug|Win32
		{64C0215D-FA4A-4CFB-A36D-A65C0A041538}.Release|x64.ActiveCfg = Release|x64
		{64C0215D-FA4A-4CFB-A36D-A65C0A041538}.Release|x64.Build.0 = Release|x64
		{64C0215D-FA4A-4CFB-A36D-A65C0A041538}.Release|x86.ActiveCfg = Release|Win32
		{64C0215D-FA4A-4CFB-A36D-A65C0A041538}.Release|x86.Build.0 = Release|Win32
		{B741AF33-8F2D-4FC3-A9BA-FB36FA4A98A1}.Debug|x64.ActiveCfg = Debug|x64
		{B741AF33-8F2D-4FC3-A9BA-FB36FA4A98A1}.Debug|x64.Build.0 = Debug|x64
		{B741AF33-8F2D-4FC3-A9BA-FB36FA4A98A1}.Debug|x86.ActiveCfg = Debug|Win32
		{B741AF33-8F2D-4FC3-A9BA-FB36FA4A98A1}.Debug|x86.Build.0 = Debug|Win32
		{B741AF33-8F2D-4FC3-A9BA-FB36FA4A98A1}.Release|x64.ActiveCfg = Release|x64
		{B741AF33-8F2D-4FC3-A9BA-FB36FA4A98A1}.Release|x64.Build.0 = Release|x64
		{B741AF33-8F2D-4FC3-A9BA-FB36FA4A98A1}.Release|x86.ActiveCfg = Release|Win32
		{B741AF33-8F2D-4FC3-A9BA-FB36FA4A98A1}.Release|x86.Build.0 = Release|Win32
	EndGlobalSection
	GlobalSection(SolutionProperties) = preSolution
		HideSolutionNode = FALSE
	EndGlobalSection
	GlobalSection(ExtensibilityGlobals) = postSolution
		SolutionGuid = {DBB09E3C-F8A2-44EE-AB36-385C62851D8B}
	EndGlobalSection
EndGlobal
